// !$*UTF8*$!
{
	archiveVersion = 1;
	classes = {
	};
	objectVersion = 50;
	objects = {

/* Begin PBXBuildFile section */
		8764B6E7234CC3EB0016BEAD /* AppDelegate.swift in Sources */ = {isa = PBXBuildFile; fileRef = 8764B6E6234CC3EB0016BEAD /* AppDelegate.swift */; };
		8764B6E9234CC3EB0016BEAD /* SceneDelegate.swift in Sources */ = {isa = PBXBuildFile; fileRef = 8764B6E8234CC3EB0016BEAD /* SceneDelegate.swift */; };
		8764B6EB234CC3EB0016BEAD /* ViewController.swift in Sources */ = {isa = PBXBuildFile; fileRef = 8764B6EA234CC3EB0016BEAD /* ViewController.swift */; };
		8764B6EE234CC3EB0016BEAD /* Main.storyboard in Resources */ = {isa = PBXBuildFile; fileRef = 8764B6EC234CC3EB0016BEAD /* Main.storyboard */; };
		8764B6F0234CC3EE0016BEAD /* Assets.xcassets in Resources */ = {isa = PBXBuildFile; fileRef = 8764B6EF234CC3EE0016BEAD /* Assets.xcassets */; };
		8764B6F3234CC3EE0016BEAD /* LaunchScreen.storyboard in Resources */ = {isa = PBXBuildFile; fileRef = 8764B6F1234CC3EE0016BEAD /* LaunchScreen.storyboard */; };
/* End PBXBuildFile section */

/* Begin PBXFileReference section */
		8764B6E3234CC3EB0016BEAD /* Dicee.app */ = {isa = PBXFileReference; explicitFileType = wrapper.application; includeInIndex = 0; path = Dicee.app; sourceTree = BUILT_PRODUCTS_DIR; };
		8764B6E6234CC3EB0016BEAD /* AppDelegate.swift */ = {isa = PBXFileReference; lastKnownFileType = sourcecode.swift; path = AppDelegate.swift; sourceTree = "<group>"; };
		8764B6E8234CC3EB0016BEAD /* SceneDelegate.swift */ = {isa = PBXFileReference; lastKnownFileType = sourcecode.swift; path = SceneDelegate.swift; sourceTree = "<group>"; };
		8764B6EA234CC3EB0016BEAD /* ViewController.swift */ = {isa = PBXFileReference; lastKnownFileType = sourcecode.swift; path = ViewController.swift; sourceTree = "<group>"; };
		8764B6ED234CC3EB0016BEAD /* Base */ = {isa = PBXFileReference; lastKnownFileType = file.storyboard; name = Base; path = Base.lproj/Main.storyboard; sourceTree = "<group>"; };
		8764B6EF234CC3EE0016BEAD /* Assets.xcassets */ = {isa = PBXFileReference; lastKnownFileType = folder.assetcatalog; path = Assets.xcassets; sourceTree = "<group>"; };
		8764B6F2234CC3EE0016BEAD /* Base */ = {isa = PBXFileReference; lastKnownFileType = file.storyboard; name = Base; path = Base.lproj/LaunchScreen.storyboard; sourceTree = "<group>"; };
		8764B6F4234CC3EE0016BEAD /* Info.plist */ = {isa = PBXFileReference; lastKnownFileType = text.plist.xml; path = Info.plist; sourceTree = "<group>"; };
/* End PBXFileReference section */

/* Begin PBXFrameworksBuildPhase section */
		8764B6E0234CC3EB0016BEAD /* Frameworks */ = {
			isa = PBXFrameworksBuildPhase;
			buildActionMask = 2147483647;
			files = (
			);
			runOnlyForDeploymentPostprocessing = 0;
		};
/* End PBXFrameworksBuildPhase section */

/* Begin PBXGroup section */
		8764B6DA234CC3EB0016BEAD = {
			isa = PBXGroup;
			children = (
				8764B6E5234CC3EB0016BEAD /* Dicee */,
				8764B6E4234CC3EB0016BEAD /* Products */,
			);
			sourceTree = "<group>";
		};
		8764B6E4234CC3EB0016BEAD /* Products */ = {
			isa = PBXGroup;
			children = (
				8764B6E3234CC3EB0016BEAD /* Dicee.app */,
			);
			name = Products;
			sourceTree = "<group>";
		};
		8764B6E5234CC3EB0016BEAD /* Dicee */ = {
			isa = PBXGroup;
			children = (
				8764B6E6234CC3EB0016BEAD /* AppDelegate.swift */,
				8764B6E8234CC3EB0016BEAD /* SceneDelegate.swift */,
				8764B6EA234CC3EB0016BEAD /* ViewController.swift */,
				8764B6EC234CC3EB0016BEAD /* Main.storyboard */,
				8764B6EF234CC3EE0016BEAD /* Assets.xcassets */,
				8764B6F1234CC3EE0016BEAD /* LaunchScreen.storyboard */,
				8764B6F4234CC3EE0016BEAD /* Info.plist */,
			);
			path = Dicee;
			sourceTree = "<group>";
		};
/* End PBXGroup section */

/* Begin PBXNativeTarget section */
		8764B6E2234CC3EB0016BEAD /* Dicee */ = {
			isa = PBXNativeTarget;
			buildConfigurationList = 8764B6F7234CC3EE0016BEAD /* Build configuration list for PBXNativeTarget "Dicee" */;
			buildPhases = (
				8764B6DF234CC3EB0016BEAD /* Sources */,
				8764B6E0234CC3EB0016BEAD /* Frameworks */,
				8764B6E1234CC3EB0016BEAD /* Resources */,
			);
			buildRules = (
			);
			dependencies = (
			);
			name = Dicee;
			productName = Dicee;
			productReference = 8764B6E3234CC3EB0016BEAD /* Dicee.app */;
			productType = "com.apple.product-type.application";
		};
/* End PBXNativeTarget section */

/* Begin PBXProject section */
		8764B6DB234CC3EB0016BEAD /* Project object */ = {
			isa = PBXProject;
			attributes = {
				LastSwiftUpdateCheck = 1100;
				LastUpgradeCheck = 1100;
				ORGANIZATIONNAME = lucie;
				TargetAttributes = {
					8764B6E2234CC3EB0016BEAD = {
						CreatedOnToolsVersion = 11.0;
					};
				};
			};
			buildConfigurationList = 8764B6DE234CC3EB0016BEAD /* Build configuration list for PBXProject "Dicee" */;
			compatibilityVersion = "Xcode 9.3";
			developmentRegion = en;
			hasScannedForEncodings = 0;
			knownRegions = (
				en,
				Base,
			);
			mainGroup = 8764B6DA234CC3EB0016BEAD;
			productRefGroup = 8764B6E4234CC3EB0016BEAD /* Products */;
			projectDirPath = "";
			projectRoot = "";
			targets = (
				8764B6E2234CC3EB0016BEAD /* Dicee */,
			);
		};
/* End PBXProject section */

/* Begin PBXResourcesBuildPhase section */
		8764B6E1234CC3EB0016BEAD /* Resources */ = {
			isa = PBXResourcesBuildPhase;
			buildActionMask = 2147483647;
			files = (
				8764B6F3234CC3EE0016BEAD /* LaunchScreen.storyboard in Resources */,
				8764B6F0234CC3EE0016BEAD /* Assets.xcassets in Resources */,
				8764B6EE234CC3EB0016BEAD /* Main.storyboard in Resources */,
			);
			runOnlyForDeploymentPostprocessing = 0;
		};
/* End PBXResourcesBuildPhase section */

/* Begin PBXSourcesBuildPhase section */
		8764B6DF234CC3EB0016BEAD /* Sources */ = {
			isa = PBXSourcesBuildPhase;
			buildActionMask = 2147483647;
			files = (
				8764B6EB234CC3EB0016BEAD /* ViewController.swift in Sources */,
				8764B6E7234CC3EB0016BEAD /* AppDelegate.swift in Sources */,
				8764B6E9234CC3EB0016BEAD /* SceneDelegate.swift in Sources */,
			);
			runOnlyForDeploymentPostprocessing = 0;
		};
/* End PBXSourcesBuildPhase section */

/* Begin PBXVariantGroup section */
		8764B6EC234CC3EB0016BEAD /* Main.storyboard */ = {
			isa = PBXVariantGroup;
			children = (
				8764B6ED234CC3EB0016BEAD /* Base */,
			);
			name = Main.storyboard;
			sourceTree = "<group>";
		};
		8764B6F1234CC3EE0016BEAD /* LaunchScreen.storyboard */ = {
			isa = PBXVariantGroup;
			children = (
				8764B6F2234CC3EE0016BEAD /* Base */,
			);
			name = LaunchScreen.storyboard;
			sourceTree = "<group>";
		};
/* End PBXVariantGroup section */

/* Begin XCBuildConfiguration section */
		8764B6F5234CC3EE0016BEAD /* Debug */ = {
			isa = XCBuildConfiguration;
			buildSettings = {
				ALWAYS_SEARCH_USER_PATHS = NO;
				CLANG_ANALYZER_NONNULL = YES;
				CLANG_ANALYZER_NUMBER_OBJECT_CONVERSION = YES_AGGRESSIVE;
				CLANG_CXX_LANGUAGE_STANDARD = "gnu++14";
				CLANG_CXX_LIBRARY = "libc++";
				CLANG_ENABLE_MODULES = YES;
				CLANG_ENABLE_OBJC_ARC = YES;
				CLANG_ENABLE_OBJC_WEAK = YES;
				CLANG_WARN_BLOCK_CAPTURE_AUTORELEASING = YES;
				CLANG_WARN_BOOL_CONVERSION = YES;
				CLANG_WARN_COMMA = YES;
				CLANG_WARN_CONSTANT_CONVERSION = YES;
				CLANG_WARN_DEPRECATED_OBJC_IMPLEMENTATIONS = YES;
				CLANG_WARN_DIRECT_OBJC_ISA_USAGE = YES_ERROR;
				CLANG_WARN_DOCUMENTATION_COMMENTS = YES;
				CLANG_WARN_EMPTY_BODY = YES;
				CLANG_WARN_ENUM_CONVERSION = YES;
				CLANG_WARN_INFINITE_RECURSION = YES;
				CLANG_WARN_INT_CONVERSION = YES;
				CLANG_WARN_NON_LITERAL_NULL_CONVERSION = YES;
				CLANG_WARN_OBJC_IMPLICIT_RETAIN_SELF = YES;
				CLANG_WARN_OBJC_LITERAL_CONVERSION = YES;
				CLANG_WARN_OBJC_ROOT_CLASS = YES_ERROR;
				CLANG_WARN_RANGE_LOOP_ANALYSIS = YES;
				CLANG_WARN_STRICT_PROTOTYPES = YES;
				CLANG_WARN_SUSPICIOUS_MOVE = YES;
				CLANG_WARN_UNGUARDED_AVAILABILITY = YES_AGGRESSIVE;
				CLANG_WARN_UNREACHABLE_CODE = YES;
				CLANG_WARN__DUPLICATE_METHOD_MATCH = YES;
				COPY_PHASE_STRIP = NO;
				DEBUG_INFORMATION_FORMAT = dwarf;
				ENABLE_STRICT_OBJC_MSGSEND = YES;
				ENABLE_TESTABILITY = YES;
				GCC_C_LANGUAGE_STANDARD = gnu11;
				GCC_DYNAMIC_NO_PIC = NO;
				GCC_NO_COMMON_BLOCKS = YES;
				GCC_OPTIMIZATION_LEVEL = 0;
				GCC_PREPROCESSOR_DEFINITIONS = (
					"DEBUG=1",
					"$(inherited)",
				);
				GCC_WARN_64_TO_32_BIT_CONVERSION = YES;
				GCC_WARN_ABOUT_RETURN_TYPE = YES_ERROR;
				GCC_WARN_UNDECLARED_SELECTOR = YES;
				GCC_WARN_UNINITIALIZED_AUTOS = YES_AGGRESSIVE;
				GCC_WARN_UNUSED_FUNCTION = YES;
				GCC_WARN_UNUSED_VARIABLE = YES;
				IPHONEOS_DEPLOYMENT_TARGET = 13.0;
				MTL_ENABLE_DEBUG_INFO = INCLUDE_SOURCE;
				MTL_FAST_MATH = YES;
				ONLY_ACTIVE_ARCH = YES;
				SDKROOT = iphoneos;
				SWIFT_ACTIVE_COMPILATION_CONDITIONS = DEBUG;
				SWIFT_OPTIMIZATION_LEVEL = "-Onone";
			};
			name = Debug;
		};
		8764B6F6234CC3EE0016BEAD /* Release */ = {
			isa = XCBuildConfiguration;
			buildSettings = {
				ALWAYS_SEARCH_USER_PATHS = NO;
				CLANG_ANALYZER_NONNULL = YES;
				CLANG_ANALYZER_NUMBER_OBJECT_CONVERSION = YES_AGGRESSIVE;
				CLANG_CXX_LANGUAGE_STANDARD = "gnu++14";
				CLANG_CXX_LIBRARY = "libc++";
				CLANG_ENABLE_MODULES = YES;
				CLANG_ENABLE_OBJC_ARC = YES;
				CLANG_ENABLE_OBJC_WEAK = YES;
				CLANG_WARN_BLOCK_CAPTURE_AUTORELEASING = YES;
				CLANG_WARN_BOOL_CONVERSION = YES;
				CLANG_WARN_COMMA = YES;
				CLANG_WARN_CONSTANT_CONVERSION = YES;
				CLANG_WARN_DEPRECATED_OBJC_IMPLEMENTATIONS = YES;
				CLANG_WARN_DIRECT_OBJC_ISA_USAGE = YES_ERROR;
				CLANG_WARN_DOCUMENTATION_COMMENTS = YES;
				CLANG_WARN_EMPTY_BODY = YES;
				CLANG_WARN_ENUM_CONVERSION = YES;
				CLANG_WARN_INFINITE_RECURSION = YES;
				CLANG_WARN_INT_CONVERSION = YES;
				CLANG_WARN_NON_LITERAL_NULL_CONVERSION = YES;
				CLANG_WARN_OBJC_IMPLICIT_RETAIN_SELF = YES;
				CLANG_WARN_OBJC_LITERAL_CONVERSION = YES;
				CLANG_WARN_OBJC_ROOT_CLASS = YES_ERROR;
				CLANG_WARN_RANGE_LOOP_ANALYSIS = YES;
				CLANG_WARN_STRICT_PROTOTYPES = YES;
				CLANG_WARN_SUSPICIOUS_MOVE = YES;
				CLANG_WARN_UNGUARDED_AVAILABILITY = YES_AGGRESSIVE;
				CLANG_WARN_UNREACHABLE_CODE = YES;
				CLANG_WARN__DUPLICATE_METHOD_MATCH = YES;
				COPY_PHASE_STRIP = NO;
				DEBUG_INFORMATION_FORMAT = "dwarf-with-dsym";
				ENABLE_NS_ASSERTIONS = NO;
				ENABLE_STRICT_OBJC_MSGSEND = YES;
				GCC_C_LANGUAGE_STANDARD = gnu11;
				GCC_NO_COMMON_BLOCKS = YES;
				GCC_WARN_64_TO_32_BIT_CONVERSION = YES;
				GCC_WARN_ABOUT_RETURN_TYPE = YES_ERROR;
				GCC_WARN_UNDECLARED_SELECTOR = YES;
				GCC_WARN_UNINITIALIZED_AUTOS = YES_AGGRESSIVE;
				GCC_WARN_UNUSED_FUNCTION = YES;
				GCC_WARN_UNUSED_VARIABLE = YES;
				IPHONEOS_DEPLOYMENT_TARGET = 13.0;
				MTL_ENABLE_DEBUG_INFO = NO;
				MTL_FAST_MATH = YES;
				SDKROOT = iphoneos;
				SWIFT_COMPILATION_MODE = wholemodule;
				SWIFT_OPTIMIZATION_LEVEL = "-O";
				VALIDATE_PRODUCT = YES;
			};
			name = Release;
		};
		8764B6F8234CC3EE0016BEAD /* Debug */ = {
			isa = XCBuildConfiguration;
			buildSettings = {
				ASSETCATALOG_COMPILER_APPICON_NAME = AppIcon;
				CODE_SIGN_STYLE = Automatic;
				DEVELOPMENT_TEAM = AWQ66YG72P;
				INFOPLIST_FILE = Dicee/Info.plist;
				LD_RUNPATH_SEARCH_PATHS = (
					"$(inherited)",
					"@executable_path/Frameworks",
				);
				PRODUCT_BUNDLE_IDENTIFIER = com.eunha.Dicee;
				PRODUCT_NAME = "$(TARGET_NAME)";
				SWIFT_VERSION = 5.0;
				TARGETED_DEVICE_FAMILY = "1,2";
			};
			name = Debug;
		};
		8764B6F9234CC3EE0016BEAD /* Release */ = {
			isa = XCBuildConfiguration;
			buildSettings = {
				ASSETCATALOG_COMPILER_APPICON_NAME = AppIcon;
				CODE_SIGN_STYLE = Automatic;
				DEVELOPMENT_TEAM = AWQ66YG72P;
				INFOPLIST_FILE = Dicee/Info.plist;
				LD_RUNPATH_SEARCH_PATHS = (
					"$(inherited)",
					"@executable_path/Frameworks",
				);
				PRODUCT_BUNDLE_IDENTIFIER = com.eunha.Dicee;
				PRODUCT_NAME = "$(TARGET_NAME)";
				SWIFT_VERSION = 5.0;
				TARGETED_DEVICE_FAMILY = "1,2";
			};
			name = Release;
		};
/* End XCBuildConfiguration section */

/* Begin XCConfigurationList section */
		8764B6DE234CC3EB0016BEAD /* Build configuration list for PBXProject "Dicee" */ = {
			isa = XCConfigurationList;
			buildConfigurations = (
				8764B6F5234CC3EE0016BEAD /* Debug */,
				8764B6F6234CC3EE0016BEAD /* Release */,
			);
			defaultConfigurationIsVisible = 0;
			defaultConfigurationName = Release;
		};
		8764B6F7234CC3EE0016BEAD /* Build configuration list for PBXNativeTarget "Dicee" */ = {
			isa = XCConfigurationList;
			buildConfigurations = (
				8764B6F8234CC3EE0016BEAD /* Debug */,
				8764B6F9234CC3EE0016BEAD /* Release */,
			);
			defaultConfigurationIsVisible = 0;
			defaultConfigurationName = Release;
		};
/* End XCConfigurationList section */
	};
	rootObject = 8764B6DB234CC3EB0016BEAD /* Project object */;
}
